// !$*UTF8*$!
{
	archiveVersion = 1;
	classes = {
	};
	objectVersion = 56;
	objects = {

/* Begin PBXBuildFile section */
		E7025E92294557C800CDA55F /* Tiles.db in Resources */ = {isa = PBXBuildFile; fileRef = E7025E91294557C800CDA55F /* Tiles.db */; };
		E75565AD28DF374900BB15B9 /* GaugePerimeterText.swift in Sources */ = {isa = PBXBuildFile; fileRef = E75565AC28DF374900BB15B9 /* GaugePerimeterText.swift */; };
		E75565AF28DF41B400BB15B9 /* GaugeCircle.swift in Sources */ = {isa = PBXBuildFile; fileRef = E75565AE28DF41B400BB15B9 /* GaugeCircle.swift */; };
		E75565B128DF43C800BB15B9 /* SpeedGauge.swift in Sources */ = {isa = PBXBuildFile; fileRef = E75565B028DF43C800BB15B9 /* SpeedGauge.swift */; };
		E75565B328DF4BAD00BB15B9 /* RpmGauge.swift in Sources */ = {isa = PBXBuildFile; fileRef = E75565B228DF4BAD00BB15B9 /* RpmGauge.swift */; };
		E7A69C1C28DBC09A002A6CAF /* Gauge.swift in Sources */ = {isa = PBXBuildFile; fileRef = E7A69C1B28DBC09A002A6CAF /* Gauge.swift */; };
		E7A69C1E28DD0474002A6CAF /* Extensions.swift in Sources */ = {isa = PBXBuildFile; fileRef = E7A69C1D28DD0474002A6CAF /* Extensions.swift */; };
		E7D6A0822946784A0099401C /* .gitignore in Resources */ = {isa = PBXBuildFile; fileRef = E7D6A0812946784A0099401C /* .gitignore */; };
		E7DA91B028D75B0B0050598F /* Iron_MiniApp.swift in Sources */ = {isa = PBXBuildFile; fileRef = E7DA91AF28D75B0B0050598F /* Iron_MiniApp.swift */; };
		E7DA91B228D75B0B0050598F /* ContentView.swift in Sources */ = {isa = PBXBuildFile; fileRef = E7DA91B128D75B0B0050598F /* ContentView.swift */; };
		E7DA91B428D75B0D0050598F /* Assets.xcassets in Resources */ = {isa = PBXBuildFile; fileRef = E7DA91B328D75B0D0050598F /* Assets.xcassets */; };
		E7DA91B728D75B0D0050598F /* Preview Assets.xcassets in Resources */ = {isa = PBXBuildFile; fileRef = E7DA91B628D75B0D0050598F /* Preview Assets.xcassets */; };
		E7DA91BE28D75D060050598F /* UDPListener.swift in Sources */ = {isa = PBXBuildFile; fileRef = E7DA91BD28D75D060050598F /* UDPListener.swift */; };
		E7E40F202944F24800D1BDC7 /* MapView.swift in Sources */ = {isa = PBXBuildFile; fileRef = E7E40F1F2944F24800D1BDC7 /* MapView.swift */; };
		E7E40F222944F25500D1BDC7 /* download.sh in Resources */ = {isa = PBXBuildFile; fileRef = E7E40F212944F25500D1BDC7 /* download.sh */; };
/* End PBXBuildFile section */

/* Begin PBXFileReference section */
		E7025E91294557C800CDA55F /* Tiles.db */ = {isa = PBXFileReference; lastKnownFileType = file; path = Tiles.db; sourceTree = "<group>"; };
		E75565AC28DF374900BB15B9 /* GaugePerimeterText.swift */ = {isa = PBXFileReference; lastKnownFileType = sourcecode.swift; path = GaugePerimeterText.swift; sourceTree = "<group>"; };
		E75565AE28DF41B400BB15B9 /* GaugeCircle.swift */ = {isa = PBXFileReference; lastKnownFileType = sourcecode.swift; path = GaugeCircle.swift; sourceTree = "<group>"; };
		E75565B028DF43C800BB15B9 /* SpeedGauge.swift */ = {isa = PBXFileReference; lastKnownFileType = sourcecode.swift; path = SpeedGauge.swift; sourceTree = "<group>"; };
		E75565B228DF4BAD00BB15B9 /* RpmGauge.swift */ = {isa = PBXFileReference; lastKnownFileType = sourcecode.swift; path = RpmGauge.swift; sourceTree = "<group>"; };
		E7A69C1B28DBC09A002A6CAF /* Gauge.swift */ = {isa = PBXFileReference; lastKnownFileType = sourcecode.swift; path = Gauge.swift; sourceTree = "<group>"; };
		E7A69C1D28DD0474002A6CAF /* Extensions.swift */ = {isa = PBXFileReference; lastKnownFileType = sourcecode.swift; path = Extensions.swift; sourceTree = "<group>"; };
		E7D6A0812946784A0099401C /* .gitignore */ = {isa = PBXFileReference; fileEncoding = 4; lastKnownFileType = text; path = .gitignore; sourceTree = "<group>"; };
		E7DA91AC28D75B0B0050598F /* Iron Mini.app */ = {isa = PBXFileReference; explicitFileType = wrapper.application; includeInIndex = 0; path = "Iron Mini.app"; sourceTree = BUILT_PRODUCTS_DIR; };
		E7DA91AF28D75B0B0050598F /* Iron_MiniApp.swift */ = {isa = PBXFileReference; lastKnownFileType = sourcecode.swift; path = Iron_MiniApp.swift; sourceTree = "<group>"; };
		E7DA91B128D75B0B0050598F /* ContentView.swift */ = {isa = PBXFileReference; lastKnownFileType = sourcecode.swift; path = ContentView.swift; sourceTree = "<group>"; };
		E7DA91B328D75B0D0050598F /* Assets.xcassets */ = {isa = PBXFileReference; lastKnownFileType = folder.assetcatalog; path = Assets.xcassets; sourceTree = "<group>"; };
		E7DA91B628D75B0D0050598F /* Preview Assets.xcassets */ = {isa = PBXFileReference; lastKnownFileType = folder.assetcatalog; path = "Preview Assets.xcassets"; sourceTree = "<group>"; };
		E7DA91BD28D75D060050598F /* UDPListener.swift */ = {isa = PBXFileReference; lastKnownFileType = sourcecode.swift; path = UDPListener.swift; sourceTree = "<group>"; };
		E7E40F1F2944F24800D1BDC7 /* MapView.swift */ = {isa = PBXFileReference; fileEncoding = 4; lastKnownFileType = sourcecode.swift; path = MapView.swift; sourceTree = "<group>"; };
		E7E40F212944F25500D1BDC7 /* download.sh */ = {isa = PBXFileReference; fileEncoding = 4; lastKnownFileType = text.script.sh; path = download.sh; sourceTree = "<group>"; };
		E7E40F242944F2B400D1BDC7 /* TilesToSQLiteBlob.playground */ = {isa = PBXFileReference; lastKnownFileType = file.playground; path = TilesToSQLiteBlob.playground; sourceTree = "<group>"; xcLanguageSpecificationIdentifier = xcode.lang.swift; };
/* End PBXFileReference section */

/* Begin PBXFrameworksBuildPhase section */
		E7DA91A928D75B0B0050598F /* Frameworks */ = {
			isa = PBXFrameworksBuildPhase;
			buildActionMask = 2147483647;
			files = (
			);
			runOnlyForDeploymentPostprocessing = 0;
		};
/* End PBXFrameworksBuildPhase section */

/* Begin PBXGroup section */
		E75565B428DF77FC00BB15B9 /* Gauges */ = {
			isa = PBXGroup;
			children = (
				E7A69C1D28DD0474002A6CAF /* Extensions.swift */,
				E7A69C1B28DBC09A002A6CAF /* Gauge.swift */,
				E75565AE28DF41B400BB15B9 /* GaugeCircle.swift */,
				E75565AC28DF374900BB15B9 /* GaugePerimeterText.swift */,
				E75565B028DF43C800BB15B9 /* SpeedGauge.swift */,
				E75565B228DF4BAD00BB15B9 /* RpmGauge.swift */,
			);
			path = Gauges;
			sourceTree = "<group>";
		};
		E7DA91A328D75B0B0050598F = {
			isa = PBXGroup;
			children = (
				E7D6A0812946784A0099401C /* .gitignore */,
				E7DA91AE28D75B0B0050598F /* Iron Mini */,
				E7DA91AD28D75B0B0050598F /* Products */,
			);
			sourceTree = "<group>";
		};
		E7DA91AD28D75B0B0050598F /* Products */ = {
			isa = PBXGroup;
			children = (
				E7DA91AC28D75B0B0050598F /* Iron Mini.app */,
			);
			name = Products;
			sourceTree = "<group>";
		};
		E7DA91AE28D75B0B0050598F /* Iron Mini */ = {
			isa = PBXGroup;
			children = (
				E7E40F1E2944F23600D1BDC7 /* Tiles */,
				E75565B428DF77FC00BB15B9 /* Gauges */,
				E7DA91AF28D75B0B0050598F /* Iron_MiniApp.swift */,
				E7DA91B128D75B0B0050598F /* ContentView.swift */,
				E7DA91BD28D75D060050598F /* UDPListener.swift */,
				E7E40F1F2944F24800D1BDC7 /* MapView.swift */,
				E7DA91B328D75B0D0050598F /* Assets.xcassets */,
				E7DA91B528D75B0D0050598F /* Preview Content */,
			);
			path = "Iron Mini";
			sourceTree = "<group>";
		};
		E7DA91B528D75B0D0050598F /* Preview Content */ = {
			isa = PBXGroup;
			children = (
				E7DA91B628D75B0D0050598F /* Preview Assets.xcassets */,
			);
			path = "Preview Content";
			sourceTree = "<group>";
		};
		E7E40F1E2944F23600D1BDC7 /* Tiles */ = {
			isa = PBXGroup;
			children = (
				E7E40F212944F25500D1BDC7 /* download.sh */,
				E7025E91294557C800CDA55F /* Tiles.db */,
				E7E40F242944F2B400D1BDC7 /* TilesToSQLiteBlob.playground */,
			);
			path = Tiles;
			sourceTree = "<group>";
		};
/* End PBXGroup section */

/* Begin PBXNativeTarget section */
		E7DA91AB28D75B0B0050598F /* Iron Mini */ = {
			isa = PBXNativeTarget;
			buildConfigurationList = E7DA91BA28D75B0D0050598F /* Build configuration list for PBXNativeTarget "Iron Mini" */;
			buildPhases = (
				E7DA91A828D75B0B0050598F /* Sources */,
				E7DA91A928D75B0B0050598F /* Frameworks */,
				E7DA91AA28D75B0B0050598F /* Resources */,
			);
			buildRules = (
			);
			dependencies = (
			);
			name = "Iron Mini";
			productName = "Iron Mini";
			productReference = E7DA91AC28D75B0B0050598F /* Iron Mini.app */;
			productType = "com.apple.product-type.application";
		};
/* End PBXNativeTarget section */

/* Begin PBXProject section */
		E7DA91A428D75B0B0050598F /* Project object */ = {
			isa = PBXProject;
			attributes = {
				BuildIndependentTargetsInParallel = 1;
				LastSwiftUpdateCheck = 1400;
				LastUpgradeCheck = 1400;
				TargetAttributes = {
					E7DA91AB28D75B0B0050598F = {
						CreatedOnToolsVersion = 14.0;
					};
				};
			};
			buildConfigurationList = E7DA91A728D75B0B0050598F /* Build configuration list for PBXProject "Iron Mini" */;
			compatibilityVersion = "Xcode 14.0";
			developmentRegion = en;
			hasScannedForEncodings = 0;
			knownRegions = (
				en,
				Base,
			);
			mainGroup = E7DA91A328D75B0B0050598F;
			packageReferences = (
			);
			productRefGroup = E7DA91AD28D75B0B0050598F /* Products */;
			projectDirPath = "";
			projectRoot = "";
			targets = (
				E7DA91AB28D75B0B0050598F /* Iron Mini */,
			);
		};
/* End PBXProject section */

/* Begin PBXResourcesBuildPhase section */
		E7DA91AA28D75B0B0050598F /* Resources */ = {
			isa = PBXResourcesBuildPhase;
			buildActionMask = 2147483647;
			files = (
				E7DA91B728D75B0D0050598F /* Preview Assets.xcassets in Resources */,
				E7025E92294557C800CDA55F /* Tiles.db in Resources */,
				E7E40F222944F25500D1BDC7 /* download.sh in Resources */,
				E7D6A0822946784A0099401C /* .gitignore in Resources */,
				E7DA91B428D75B0D0050598F /* Assets.xcassets in Resources */,
			);
			runOnlyForDeploymentPostprocessing = 0;
		};
/* End PBXResourcesBuildPhase section */

/* Begin PBXSourcesBuildPhase section */
		E7DA91A828D75B0B0050598F /* Sources */ = {
			isa = PBXSourcesBuildPhase;
			buildActionMask = 2147483647;
			files = (
				E7A69C1E28DD0474002A6CAF /* Extensions.swift in Sources */,
				E7DA91BE28D75D060050598F /* UDPListener.swift in Sources */,
				E75565AD28DF374900BB15B9 /* GaugePerimeterText.swift in Sources */,
				E7DA91B228D75B0B0050598F /* ContentView.swift in Sources */,
				E7DA91B028D75B0B0050598F /* Iron_MiniApp.swift in Sources */,
				E75565B128DF43C800BB15B9 /* SpeedGauge.swift in Sources */,
				E75565AF28DF41B400BB15B9 /* GaugeCircle.swift in Sources */,
				E7E40F202944F24800D1BDC7 /* MapView.swift in Sources */,
				E75565B328DF4BAD00BB15B9 /* RpmGauge.swift in Sources */,
				E7A69C1C28DBC09A002A6CAF /* Gauge.swift in Sources */,
			);
			runOnlyForDeploymentPostprocessing = 0;
		};
/* End PBXSourcesBuildPhase section */

/* Begin XCBuildConfiguration section */
		E7DA91B828D75B0D0050598F /* Debug */ = {
			isa = XCBuildConfiguration;
			buildSettings = {
				ALWAYS_SEARCH_USER_PATHS = NO;
				CLANG_ANALYZER_NONNULL = YES;
				CLANG_ANALYZER_NUMBER_OBJECT_CONVERSION = YES_AGGRESSIVE;
				CLANG_CXX_LANGUAGE_STANDARD = "gnu++17";
				CLANG_ENABLE_MODULES = YES;
				CLANG_ENABLE_OBJC_ARC = YES;
				CLANG_ENABLE_OBJC_WEAK = YES;
				CLANG_WARN_BLOCK_CAPTURE_AUTORELEASING = YES;
				CLANG_WARN_BOOL_CONVERSION = YES;
				CLANG_WARN_COMMA = YES;
				CLANG_WARN_CONSTANT_CONVERSION = YES;
				CLANG_WARN_DEPRECATED_OBJC_IMPLEMENTATIONS = YES;
				CLANG_WARN_DIRECT_OBJC_ISA_USAGE = YES_ERROR;
				CLANG_WARN_DOCUMENTATION_COMMENTS = YES;
				CLANG_WARN_EMPTY_BODY = YES;
				CLANG_WARN_ENUM_CONVERSION = YES;
				CLANG_WARN_INFINITE_RECURSION = YES;
				CLANG_WARN_INT_CONVERSION = YES;
				CLANG_WARN_NON_LITERAL_NULL_CONVERSION = YES;
				CLANG_WARN_OBJC_IMPLICIT_RETAIN_SELF = YES;
				CLANG_WARN_OBJC_LITERAL_CONVERSION = YES;
				CLANG_WARN_OBJC_ROOT_CLASS = YES_ERROR;
				CLANG_WARN_QUOTED_INCLUDE_IN_FRAMEWORK_HEADER = YES;
				CLANG_WARN_RANGE_LOOP_ANALYSIS = YES;
				CLANG_WARN_STRICT_PROTOTYPES = YES;
				CLANG_WARN_SUSPICIOUS_MOVE = YES;
				CLANG_WARN_UNGUARDED_AVAILABILITY = YES_AGGRESSIVE;
				CLANG_WARN_UNREACHABLE_CODE = YES;
				CLANG_WARN__DUPLICATE_METHOD_MATCH = YES;
				COPY_PHASE_STRIP = NO;
				DEBUG_INFORMATION_FORMAT = dwarf;
				ENABLE_STRICT_OBJC_MSGSEND = YES;
				ENABLE_TESTABILITY = YES;
				GCC_C_LANGUAGE_STANDARD = gnu11;
				GCC_DYNAMIC_NO_PIC = NO;
				GCC_NO_COMMON_BLOCKS = YES;
				GCC_OPTIMIZATION_LEVEL = 0;
				GCC_PREPROCESSOR_DEFINITIONS = (
					"DEBUG=1",
					"$(inherited)",
				);
				GCC_WARN_64_TO_32_BIT_CONVERSION = YES;
				GCC_WARN_ABOUT_RETURN_TYPE = YES_ERROR;
				GCC_WARN_UNDECLARED_SELECTOR = YES;
				GCC_WARN_UNINITIALIZED_AUTOS = YES_AGGRESSIVE;
				GCC_WARN_UNUSED_FUNCTION = YES;
				GCC_WARN_UNUSED_VARIABLE = YES;
				IPHONEOS_DEPLOYMENT_TARGET = 16.0;
				MTL_ENABLE_DEBUG_INFO = INCLUDE_SOURCE;
				MTL_FAST_MATH = YES;
				ONLY_ACTIVE_ARCH = YES;
				SDKROOT = iphoneos;
				SWIFT_ACTIVE_COMPILATION_CONDITIONS = DEBUG;
				SWIFT_OPTIMIZATION_LEVEL = "-Onone";
			};
			name = Debug;
		};
		E7DA91B928D75B0D0050598F /* Release */ = {
			isa = XCBuildConfiguration;
			buildSettings = {
				ALWAYS_SEARCH_USER_PATHS = NO;
				CLANG_ANALYZER_NONNULL = YES;
				CLANG_ANALYZER_NUMBER_OBJECT_CONVERSION = YES_AGGRESSIVE;
				CLANG_CXX_LANGUAGE_STANDARD = "gnu++17";
				CLANG_ENABLE_MODULES = YES;
				CLANG_ENABLE_OBJC_ARC = YES;
				CLANG_ENABLE_OBJC_WEAK = YES;
				CLANG_WARN_BLOCK_CAPTURE_AUTORELEASING = YES;
				CLANG_WARN_BOOL_CONVERSION = YES;
				CLANG_WARN_COMMA = YES;
				CLANG_WARN_CONSTANT_CONVERSION = YES;
				CLANG_WARN_DEPRECATED_OBJC_IMPLEMENTATIONS = YES;
				CLANG_WARN_DIRECT_OBJC_ISA_USAGE = YES_ERROR;
				CLANG_WARN_DOCUMENTATION_COMMENTS = YES;
				CLANG_WARN_EMPTY_BODY = YES;
				CLANG_WARN_ENUM_CONVERSION = YES;
				CLANG_WARN_INFINITE_RECURSION = YES;
				CLANG_WARN_INT_CONVERSION = YES;
				CLANG_WARN_NON_LITERAL_NULL_CONVERSION = YES;
				CLANG_WARN_OBJC_IMPLICIT_RETAIN_SELF = YES;
				CLANG_WARN_OBJC_LITERAL_CONVERSION = YES;
				CLANG_WARN_OBJC_ROOT_CLASS = YES_ERROR;
				CLANG_WARN_QUOTED_INCLUDE_IN_FRAMEWORK_HEADER = YES;
				CLANG_WARN_RANGE_LOOP_ANALYSIS = YES;
				CLANG_WARN_STRICT_PROTOTYPES = YES;
				CLANG_WARN_SUSPICIOUS_MOVE = YES;
				CLANG_WARN_UNGUARDED_AVAILABILITY = YES_AGGRESSIVE;
				CLANG_WARN_UNREACHABLE_CODE = YES;
				CLANG_WARN__DUPLICATE_METHOD_MATCH = YES;
				COPY_PHASE_STRIP = NO;
				DEBUG_INFORMATION_FORMAT = "dwarf-with-dsym";
				ENABLE_NS_ASSERTIONS = NO;
				ENABLE_STRICT_OBJC_MSGSEND = YES;
				GCC_C_LANGUAGE_STANDARD = gnu11;
				GCC_NO_COMMON_BLOCKS = YES;
				GCC_WARN_64_TO_32_BIT_CONVERSION = YES;
				GCC_WARN_ABOUT_RETURN_TYPE = YES_ERROR;
				GCC_WARN_UNDECLARED_SELECTOR = YES;
				GCC_WARN_UNINITIALIZED_AUTOS = YES_AGGRESSIVE;
				GCC_WARN_UNUSED_FUNCTION = YES;
				GCC_WARN_UNUSED_VARIABLE = YES;
				IPHONEOS_DEPLOYMENT_TARGET = 16.0;
				MTL_ENABLE_DEBUG_INFO = NO;
				MTL_FAST_MATH = YES;
				SDKROOT = iphoneos;
				SWIFT_COMPILATION_MODE = wholemodule;
				SWIFT_OPTIMIZATION_LEVEL = "-O";
				VALIDATE_PRODUCT = YES;
			};
			name = Release;
		};
		E7DA91BB28D75B0D0050598F /* Debug */ = {
			isa = XCBuildConfiguration;
			buildSettings = {
				ASSETCATALOG_COMPILER_APPICON_NAME = AppIcon;
				ASSETCATALOG_COMPILER_GLOBAL_ACCENT_COLOR_NAME = AccentColor;
				CODE_SIGN_STYLE = Automatic;
				CURRENT_PROJECT_VERSION = 1;
				DEVELOPMENT_ASSET_PATHS = "\"Iron Mini/Preview Content\"";
				DEVELOPMENT_TEAM = 8XWB6322TF;
				ENABLE_PREVIEWS = YES;
				GENERATE_INFOPLIST_FILE = YES;
				INFOPLIST_FILE = "";
				INFOPLIST_KEY_LSApplicationCategoryType = "public.app-category.developer-tools";
				INFOPLIST_KEY_NSLocationAlwaysAndWhenInUseUsageDescription = "Application would like to use your location";
				INFOPLIST_KEY_NSLocationWhenInUseUsageDescription = "Application would like to use your location";
				INFOPLIST_KEY_UIApplicationSceneManifest_Generation = YES;
				INFOPLIST_KEY_UIApplicationSupportsIndirectInputEvents = YES;
				INFOPLIST_KEY_UILaunchScreen_Generation = YES;
				INFOPLIST_KEY_UIRequiresFullScreen = YES;
				INFOPLIST_KEY_UISupportedInterfaceOrientations = "UIInterfaceOrientationLandscapeLeft UIInterfaceOrientationLandscapeRight";
				IPHONEOS_DEPLOYMENT_TARGET = 15.6;
				LD_RUNPATH_SEARCH_PATHS = (
					"$(inherited)",
					"@executable_path/Frameworks",
				);
				MARKETING_VERSION = 1.0;
				PRODUCT_BUNDLE_IDENTIFIER = "Dario-Ragusa.Iron-Mini";
				PRODUCT_NAME = "$(TARGET_NAME)";
				SUPPORTED_PLATFORMS = "iphoneos iphonesimulator";
				SUPPORTS_MACCATALYST = NO;
				SUPPORTS_MAC_DESIGNED_FOR_IPHONE_IPAD = NO;
				SWIFT_EMIT_LOC_STRINGS = YES;
				SWIFT_VERSION = 5.0;
				TARGETED_DEVICE_FAMILY = "1,2";
			};
			name = Debug;
		};
		E7DA91BC28D75B0D0050598F /* Release */ = {
			isa = XCBuildConfiguration;
			buildSettings = {
				ASSETCATALOG_COMPILER_APPICON_NAME = AppIcon;
				ASSETCATALOG_COMPILER_GLOBAL_ACCENT_COLOR_NAME = AccentColor;
				CODE_SIGN_STYLE = Automatic;
				CURRENT_PROJECT_VERSION = 1;
				DEVELOPMENT_ASSET_PATHS = "\"Iron Mini/Preview Content\"";
				DEVELOPMENT_TEAM = 8XWB6322TF;
				ENABLE_PREVIEWS = YES;
				GENERATE_INFOPLIST_FILE = YES;
				INFOPLIST_FILE = "";
				INFOPLIST_KEY_LSApplicationCategoryType = "public.app-category.developer-tools";
				INFOPLIST_KEY_NSLocationAlwaysAndWhenInUseUsageDescription = "Application would like to use your location";
				INFOPLIST_KEY_NSLocationWhenInUseUsageDescription = "Application would like to use your location";
				INFOPLIST_KEY_UIApplicationSceneManifest_Generation = YES;
				INFOPLIST_KEY_UIApplicationSupportsIndirectInputEvents = YES;
				INFOPLIST_KEY_UILaunchScreen_Generation = YES;
				INFOPLIST_KEY_UIRequiresFullScreen = YES;
				INFOPLIST_KEY_UISupportedInterfaceOrientations = "UIInterfaceOrientationLandscapeLeft UIInterfaceOrientationLandscapeRight";
				IPHONEOS_DEPLOYMENT_TARGET = 15.6;
				LD_RUNPATH_SEARCH_PATHS = (
					"$(inherited)",
					"@executable_path/Frameworks",
				);
				MARKETING_VERSION = 1.0;
				PRODUCT_BUNDLE_IDENTIFIER = "Dario-Ragusa.Iron-Mini";
				PRODUCT_NAME = "$(TARGET_NAME)";
				SUPPORTED_PLATFORMS = "iphoneos iphonesimulator";
				SUPPORTS_MACCATALYST = NO;
				SUPPORTS_MAC_DESIGNED_FOR_IPHONE_IPAD = NO;
				SWIFT_EMIT_LOC_STRINGS = YES;
				SWIFT_VERSION = 5.0;
				TARGETED_DEVICE_FAMILY = "1,2";
			};
			name = Release;
		};
/* End XCBuildConfiguration section */

/* Begin XCConfigurationList section */
		E7DA91A728D75B0B0050598F /* Build configuration list for PBXProject "Iron Mini" */ = {
			isa = XCConfigurationList;
			buildConfigurations = (
				E7DA91B828D75B0D0050598F /* Debug */,
				E7DA91B928D75B0D0050598F /* Release */,
			);
			defaultConfigurationIsVisible = 0;
			defaultConfigurationName = Release;
		};
		E7DA91BA28D75B0D0050598F /* Build configuration list for PBXNativeTarget "Iron Mini" */ = {
			isa = XCConfigurationList;
			buildConfigurations = (
				E7DA91BB28D75B0D0050598F /* Debug */,
				E7DA91BC28D75B0D0050598F /* Release */,
			);
			defaultConfigurationIsVisible = 0;
			defaultConfigurationName = Release;
		};
/* End XCConfigurationList section */
	};
	rootObject = E7DA91A428D75B0B0050598F /* Project object */;
}
